<?xml version="1.0" encoding="utf-8"?>
<Project ToolsVersion="4.0" xmlns="http://schemas.microsoft.com/developer/msbuild/2003">
  <ItemGroup>
    <Filter Include="stdafx">
      <UniqueIdentifier>{957db3f4-193e-4147-9258-119fddc1f0cb}</UniqueIdentifier>
    </Filter>
  </ItemGroup>
  <ItemGroup>
    <ClInclude Include="stdafx.h">
      <Filter>stdafx</Filter>
    </ClInclude>
    <ClInclude Include="targetver.h">
      <Filter>stdafx</Filter>
    </ClInclude>
    <ClInclude Include="MySockException.h" />
    <ClInclude Include="MySockTypedef.h" />
    <ClInclude Include="MySockUtil.h" />
    <ClInclude Include="AddrInfo.h" />
    <ClInclude Include="UDPSocket.h" />
    <ClInclude Include="SocketAddr.h" />
    <ClInclude Include="SocketSelector.h" />
  </ItemGroup>
  <ItemGroup>
    <ClCompile Include="stdafx.cpp">
      <Filter>stdafx</Filter>
    </ClCompile>
    <ClCompile Include="MySockUtil.cpp" />
    <ClCompile Include="AddrInfo.cpp" />
    <ClCompile Include="UDPSocket.cpp" />
    <ClCompile Include="SocketSelector.cpp" />
  </ItemGroup>
</Project>