<?xml version="1.0" encoding="utf-8"?>
<Project ToolsVersion="4.0" xmlns="http://schemas.microsoft.com/developer/msbuild/2003">
  <ItemGroup>
    <Filter Include="stdafx">
      <UniqueIdentifier>{957db3f4-193e-4147-9258-119fddc1f0cb}</UniqueIdentifier>
    </Filter>
    <Filter Include="UDP">
      <UniqueIdentifier>{e4b1a925-b2f9-4c21-9943-9b690beb8e3d}</UniqueIdentifier>
    </Filter>
  </ItemGroup>
  <ItemGroup>
    <ClInclude Include="stdafx.h">
      <Filter>stdafx</Filter>
    </ClInclude>
    <ClInclude Include="targetver.h">
      <Filter>stdafx</Filter>
    </ClInclude>
    <ClInclude Include="UDP\UDPServer.h">
      <Filter>UDP</Filter>
    </ClInclude>
    <ClInclude Include="MySockException.h" />
    <ClInclude Include="MySockTypedef.h" />
    <ClInclude Include="UDP\UDPClient.h">
      <Filter>UDP</Filter>
    </ClInclude>
  </ItemGroup>
  <ItemGroup>
    <ClCompile Include="stdafx.cpp">
      <Filter>stdafx</Filter>
    </ClCompile>
    <ClCompile Include="UDP\UDPServer.cpp">
      <Filter>UDP</Filter>
    </ClCompile>
    <ClCompile Include="UDP\UDPClient.cpp">
      <Filter>UDP</Filter>
    </ClCompile>
  </ItemGroup>
</Project>